
Microsoft Visual Studio Solution File, Format Version 12.00
# Visual Studio 2017
Project("{FAE04EC0-301F-11D3-BF4B-00C04F79EFBC}") = "Procedural FPS Map Generator", "Procedural FPS Map Generator.csproj", "{22FCDAC4-76EE-8297-C010-3B1065FA7439}"
EndProject
Global
	GlobalSection(SolutionConfigurationPlatforms) = preSolution
		Debug|Any CPU = Debug|Any CPU
		Release|Any CPU = Release|Any CPU
	EndGlobalSection
	GlobalSection(ProjectConfigurationPlatforms) = postSolution
		{22FCDAC4-76EE-8297-C010-3B1065FA7439}.Debug|Any CPU.ActiveCfg = Debug|Any CPU
		{22FCDAC4-76EE-8297-C010-3B1065FA7439}.Debug|Any CPU.Build.0 = Debug|Any CPU
		{22FCDAC4-76EE-8297-C010-3B1065FA7439}.Release|Any CPU.ActiveCfg = Release|Any CPU
		{22FCDAC4-76EE-8297-C010-3B1065FA7439}.Release|Any CPU.Build.0 = Release|Any CPU
	EndGlobalSection
	GlobalSection(SolutionProperties) = preSolution
		HideSolutionNode = FALSE
	EndGlobalSection
EndGlobal
