Microsoft Visual Studio Solution File, Format Version 11.00
# Visual Studio 2008

Project("{99B81D71-D175-E13F-D5B1-70A84FF193AA}") = "Procedural Map Generation", "Assembly-CSharp.csproj", "{2F69B925-60EC-3666-BE1C-52C685420AD0}"
EndProject
Global
	GlobalSection(SolutionConfigurationPlatforms) = preSolution
		Debug|Any CPU = Debug|Any CPU
		Release|Any CPU = Release|Any CPU
	EndGlobalSection
	GlobalSection(ProjectConfigurationPlatforms) = postSolution
		{2F69B925-60EC-3666-BE1C-52C685420AD0}.Debug|Any CPU.ActiveCfg = Debug|Any CPU
		{2F69B925-60EC-3666-BE1C-52C685420AD0}.Debug|Any CPU.Build.0 = Debug|Any CPU
		{2F69B925-60EC-3666-BE1C-52C685420AD0}.Release|Any CPU.ActiveCfg = Release|Any CPU
		{2F69B925-60EC-3666-BE1C-52C685420AD0}.Release|Any CPU.Build.0 = Release|Any CPU
	EndGlobalSection
	GlobalSection(SolutionProperties) = preSolution
		HideSolutionNode = FALSE
	EndGlobalSection
	GlobalSection(MonoDevelopProperties) = preSolution
		StartupItem = Assembly-CSharp.csproj
	EndGlobalSection
EndGlobal
